
Microsoft Visual Studio Solution File, Format Version 12.00
# Visual Studio Version 17
VisualStudioVersion = 17.0.31903.59
MinimumVisualStudioVersion = 10.0.40219.1
Project("{FAE04EC0-301F-11D3-BF4B-00C04F79EFBC}") = "QueueSimulation", "QueueSimulation.csproj", "{37BF5015-AFAA-446F-87CF-BE9D2E277D3C}"
EndProject
Global
	GlobalSection(SolutionConfigurationPlatforms) = preSolution
		Debug|Any CPU = Debug|Any CPU
		Release|Any CPU = Release|Any CPU
	EndGlobalSection
	GlobalSection(ProjectConfigurationPlatforms) = postSolution
		{37BF5015-AFAA-446F-87CF-BE9D2E277D3C}.Debug|Any CPU.ActiveCfg = Debug|Any CPU
		{37BF5015-AFAA-446F-87CF-BE9D2E277D3C}.Debug|Any CPU.Build.0 = Debug|Any CPU
		{37BF5015-AFAA-446F-87CF-BE9D2E277D3C}.Release|Any CPU.ActiveCfg = Release|Any CPU
		{37BF5015-AFAA-446F-87CF-BE9D2E277D3C}.Release|Any CPU.Build.0 = Release|Any CPU
	EndGlobalSection
	GlobalSection(SolutionProperties) = preSolution
		HideSolutionNode = FALSE
	EndGlobalSection
	GlobalSection(ExtensibilityGlobals) = postSolution
		SolutionGuid = {26807769-DE03-470F-BAF5-43C581BB1159}
	EndGlobalSection
EndGlobal
